// !$*UTF8*$!
{
	archiveVersion = 1;
	classes = {
	};
	objectVersion = 50;
	objects = {

/* Begin PBXBuildFile section */
		9CD7DEF52549532200319B78 /* Detect_Resolution_iOSApp.swift in Sources */ = {isa = PBXBuildFile; fileRef = 9CD7DEF42549532200319B78 /* Detect_Resolution_iOSApp.swift */; };
		9CD7DEF72549532200319B78 /* ContentView.swift in Sources */ = {isa = PBXBuildFile; fileRef = 9CD7DEF62549532200319B78 /* ContentView.swift */; };
		9CD7DEF92549533100319B78 /* Assets.xcassets in Resources */ = {isa = PBXBuildFile; fileRef = 9CD7DEF82549533100319B78 /* Assets.xcassets */; };
		9CD7DEFC2549533100319B78 /* Preview Assets.xcassets in Resources */ = {isa = PBXBuildFile; fileRef = 9CD7DEFB2549533100319B78 /* Preview Assets.xcassets */; };
		9CD7DF05254957D300319B78 /* DisplayMetrics.swift in Sources */ = {isa = PBXBuildFile; fileRef = 9CD7DF04254957D300319B78 /* DisplayMetrics.swift */; };
/* End PBXBuildFile section */

/* Begin PBXFileReference section */
		9C8246662549665000201A1D /* Detect Resolution iOS.entitlements */ = {isa = PBXFileReference; lastKnownFileType = text.plist.entitlements; path = "Detect Resolution iOS.entitlements"; sourceTree = "<group>"; };
		9CD7DEF12549532200319B78 /* Detect Resolution iOS.app */ = {isa = PBXFileReference; explicitFileType = wrapper.application; includeInIndex = 0; path = "Detect Resolution iOS.app"; sourceTree = BUILT_PRODUCTS_DIR; };
		9CD7DEF42549532200319B78 /* Detect_Resolution_iOSApp.swift */ = {isa = PBXFileReference; lastKnownFileType = sourcecode.swift; path = Detect_Resolution_iOSApp.swift; sourceTree = "<group>"; };
		9CD7DEF62549532200319B78 /* ContentView.swift */ = {isa = PBXFileReference; lastKnownFileType = sourcecode.swift; path = ContentView.swift; sourceTree = "<group>"; };
		9CD7DEF82549533100319B78 /* Assets.xcassets */ = {isa = PBXFileReference; lastKnownFileType = folder.assetcatalog; path = Assets.xcassets; sourceTree = "<group>"; };
		9CD7DEFB2549533100319B78 /* Preview Assets.xcassets */ = {isa = PBXFileReference; lastKnownFileType = folder.assetcatalog; path = "Preview Assets.xcassets"; sourceTree = "<group>"; };
		9CD7DEFD2549533100319B78 /* Info.plist */ = {isa = PBXFileReference; lastKnownFileType = text.plist.xml; path = Info.plist; sourceTree = "<group>"; };
		9CD7DF04254957D300319B78 /* DisplayMetrics.swift */ = {isa = PBXFileReference; lastKnownFileType = sourcecode.swift; path = DisplayMetrics.swift; sourceTree = "<group>"; };
/* End PBXFileReference section */

/* Begin PBXFrameworksBuildPhase section */
		9CD7DEEE2549532200319B78 /* Frameworks */ = {
			isa = PBXFrameworksBuildPhase;
			buildActionMask = 2147483647;
			files = (
			);
			runOnlyForDeploymentPostprocessing = 0;
		};
/* End PBXFrameworksBuildPhase section */

/* Begin PBXGroup section */
		9CD7DEE82549532200319B78 = {
			isa = PBXGroup;
			children = (
				9CD7DEF32549532200319B78 /* Detect Resolution iOS */,
				9CD7DEF22549532200319B78 /* Products */,
			);
			sourceTree = "<group>";
		};
		9CD7DEF22549532200319B78 /* Products */ = {
			isa = PBXGroup;
			children = (
				9CD7DEF12549532200319B78 /* Detect Resolution iOS.app */,
			);
			name = Products;
			sourceTree = "<group>";
		};
		9CD7DEF32549532200319B78 /* Detect Resolution iOS */ = {
			isa = PBXGroup;
			children = (
				9C8246662549665000201A1D /* Detect Resolution iOS.entitlements */,
				9CD7DEF42549532200319B78 /* Detect_Resolution_iOSApp.swift */,
				9CD7DEF62549532200319B78 /* ContentView.swift */,
				9CD7DF04254957D300319B78 /* DisplayMetrics.swift */,
				9CD7DEF82549533100319B78 /* Assets.xcassets */,
				9CD7DEFD2549533100319B78 /* Info.plist */,
				9CD7DEFA2549533100319B78 /* Preview Content */,
			);
			path = "Detect Resolution iOS";
			sourceTree = "<group>";
		};
		9CD7DEFA2549533100319B78 /* Preview Content */ = {
			isa = PBXGroup;
			children = (
				9CD7DEFB2549533100319B78 /* Preview Assets.xcassets */,
			);
			path = "Preview Content";
			sourceTree = "<group>";
		};
/* End PBXGroup section */

/* Begin PBXNativeTarget section */
		9CD7DEF02549532200319B78 /* Detect Resolution iOS */ = {
			isa = PBXNativeTarget;
			buildConfigurationList = 9CD7DF002549533100319B78 /* Build configuration list for PBXNativeTarget "Detect Resolution iOS" */;
			buildPhases = (
				9CD7DEED2549532200319B78 /* Sources */,
				9CD7DEEE2549532200319B78 /* Frameworks */,
				9CD7DEEF2549532200319B78 /* Resources */,
			);
			buildRules = (
			);
			dependencies = (
			);
			name = "Detect Resolution iOS";
			productName = "Detect Resolution iOS";
			productReference = 9CD7DEF12549532200319B78 /* Detect Resolution iOS.app */;
			productType = "com.apple.product-type.application";
		};
/* End PBXNativeTarget section */

/* Begin PBXProject section */
		9CD7DEE92549532200319B78 /* Project object */ = {
			isa = PBXProject;
			attributes = {
				LastSwiftUpdateCheck = 1200;
				LastUpgradeCheck = 1200;
				TargetAttributes = {
					9CD7DEF02549532200319B78 = {
						CreatedOnToolsVersion = 12.0.1;
					};
				};
			};
			buildConfigurationList = 9CD7DEEC2549532200319B78 /* Build configuration list for PBXProject "Detect Resolution iOS" */;
			compatibilityVersion = "Xcode 9.3";
			developmentRegion = en;
			hasScannedForEncodings = 0;
			knownRegions = (
				en,
				Base,
				"zh-Hans",
			);
			mainGroup = 9CD7DEE82549532200319B78;
			productRefGroup = 9CD7DEF22549532200319B78 /* Products */;
			projectDirPath = "";
			projectRoot = "";
			targets = (
				9CD7DEF02549532200319B78 /* Detect Resolution iOS */,
			);
		};
/* End PBXProject section */

/* Begin PBXResourcesBuildPhase section */
		9CD7DEEF2549532200319B78 /* Resources */ = {
			isa = PBXResourcesBuildPhase;
			buildActionMask = 2147483647;
			files = (
				9CD7DEFC2549533100319B78 /* Preview Assets.xcassets in Resources */,
				9CD7DEF92549533100319B78 /* Assets.xcassets in Resources */,
			);
			runOnlyForDeploymentPostprocessing = 0;
		};
/* End PBXResourcesBuildPhase section */

/* Begin PBXSourcesBuildPhase section */
		9CD7DEED2549532200319B78 /* Sources */ = {
			isa = PBXSourcesBuildPhase;
			buildActionMask = 2147483647;
			files = (
				9CD7DEF72549532200319B78 /* ContentView.swift in Sources */,
				9CD7DF05254957D300319B78 /* DisplayMetrics.swift in Sources */,
				9CD7DEF52549532200319B78 /* Detect_Resolution_iOSApp.swift in Sources */,
			);
			runOnlyForDeploymentPostprocessing = 0;
		};
/* End PBXSourcesBuildPhase section */

/* Begin XCBuildConfiguration section */
		9CD7DEFE2549533100319B78 /* Debug */ = {
			isa = XCBuildConfiguration;
			buildSettings = {
				ALWAYS_SEARCH_USER_PATHS = NO;
				CLANG_ANALYZER_NONNULL = YES;
				CLANG_ANALYZER_NUMBER_OBJECT_CONVERSION = YES_AGGRESSIVE;
				CLANG_CXX_LANGUAGE_STANDARD = "gnu++14";
				CLANG_CXX_LIBRARY = "libc++";
				CLANG_ENABLE_MODULES = YES;
				CLANG_ENABLE_OBJC_ARC = YES;
				CLANG_ENABLE_OBJC_WEAK = YES;
				CLANG_WARN_BLOCK_CAPTURE_AUTORELEASING = YES;
				CLANG_WARN_BOOL_CONVERSION = YES;
				CLANG_WARN_COMMA = YES;
				CLANG_WARN_CONSTANT_CONVERSION = YES;
				CLANG_WARN_DEPRECATED_OBJC_IMPLEMENTATIONS = YES;
				CLANG_WARN_DIRECT_OBJC_ISA_USAGE = YES_ERROR;
				CLANG_WARN_DOCUMENTATION_COMMENTS = YES;
				CLANG_WARN_EMPTY_BODY = YES;
				CLANG_WARN_ENUM_CONVERSION = YES;
				CLANG_WARN_INFINITE_RECURSION = YES;
				CLANG_WARN_INT_CONVERSION = YES;
				CLANG_WARN_NON_LITERAL_NULL_CONVERSION = YES;
				CLANG_WARN_OBJC_IMPLICIT_RETAIN_SELF = YES;
				CLANG_WARN_OBJC_LITERAL_CONVERSION = YES;
				CLANG_WARN_OBJC_ROOT_CLASS = YES_ERROR;
				CLANG_WARN_QUOTED_INCLUDE_IN_FRAMEWORK_HEADER = YES;
				CLANG_WARN_RANGE_LOOP_ANALYSIS = YES;
				CLANG_WARN_STRICT_PROTOTYPES = YES;
				CLANG_WARN_SUSPICIOUS_MOVE = YES;
				CLANG_WARN_UNGUARDED_AVAILABILITY = YES_AGGRESSIVE;
				CLANG_WARN_UNREACHABLE_CODE = YES;
				CLANG_WARN__DUPLICATE_METHOD_MATCH = YES;
				COPY_PHASE_STRIP = NO;
				DEBUG_INFORMATION_FORMAT = dwarf;
				ENABLE_STRICT_OBJC_MSGSEND = YES;
				ENABLE_TESTABILITY = YES;
				GCC_C_LANGUAGE_STANDARD = gnu11;
				GCC_DYNAMIC_NO_PIC = NO;
				GCC_NO_COMMON_BLOCKS = YES;
				GCC_OPTIMIZATION_LEVEL = 0;
				GCC_PREPROCESSOR_DEFINITIONS = (
					"DEBUG=1",
					"$(inherited)",
				);
				GCC_WARN_64_TO_32_BIT_CONVERSION = YES;
				GCC_WARN_ABOUT_RETURN_TYPE = YES_ERROR;
				GCC_WARN_UNDECLARED_SELECTOR = YES;
				GCC_WARN_UNINITIALIZED_AUTOS = YES_AGGRESSIVE;
				GCC_WARN_UNUSED_FUNCTION = YES;
				GCC_WARN_UNUSED_VARIABLE = YES;
				IPHONEOS_DEPLOYMENT_TARGET = 14.0;
				MTL_ENABLE_DEBUG_INFO = INCLUDE_SOURCE;
				MTL_FAST_MATH = YES;
				ONLY_ACTIVE_ARCH = YES;
				SDKROOT = iphoneos;
				SWIFT_ACTIVE_COMPILATION_CONDITIONS = DEBUG;
				SWIFT_OPTIMIZATION_LEVEL = "-Onone";
			};
			name = Debug;
		};
		9CD7DEFF2549533100319B78 /* Release */ = {
			isa = XCBuildConfiguration;
			buildSettings = {
				ALWAYS_SEARCH_USER_PATHS = NO;
				CLANG_ANALYZER_NONNULL = YES;
				CLANG_ANALYZER_NUMBER_OBJECT_CONVERSION = YES_AGGRESSIVE;
				CLANG_CXX_LANGUAGE_STANDARD = "gnu++14";
				CLANG_CXX_LIBRARY = "libc++";
				CLANG_ENABLE_MODULES = YES;
				CLANG_ENABLE_OBJC_ARC = YES;
				CLANG_ENABLE_OBJC_WEAK = YES;
				CLANG_WARN_BLOCK_CAPTURE_AUTORELEASING = YES;
				CLANG_WARN_BOOL_CONVERSION = YES;
				CLANG_WARN_COMMA = YES;
				CLANG_WARN_CONSTANT_CONVERSION = YES;
				CLANG_WARN_DEPRECATED_OBJC_IMPLEMENTATIONS = YES;
				CLANG_WARN_DIRECT_OBJC_ISA_USAGE = YES_ERROR;
				CLANG_WARN_DOCUMENTATION_COMMENTS = YES;
				CLANG_WARN_EMPTY_BODY = YES;
				CLANG_WARN_ENUM_CONVERSION = YES;
				CLANG_WARN_INFINITE_RECURSION = YES;
				CLANG_WARN_INT_CONVERSION = YES;
				CLANG_WARN_NON_LITERAL_NULL_CONVERSION = YES;
				CLANG_WARN_OBJC_IMPLICIT_RETAIN_SELF = YES;
				CLANG_WARN_OBJC_LITERAL_CONVERSION = YES;
				CLANG_WARN_OBJC_ROOT_CLASS = YES_ERROR;
				CLANG_WARN_QUOTED_INCLUDE_IN_FRAMEWORK_HEADER = YES;
				CLANG_WARN_RANGE_LOOP_ANALYSIS = YES;
				CLANG_WARN_STRICT_PROTOTYPES = YES;
				CLANG_WARN_SUSPICIOUS_MOVE = YES;
				CLANG_WARN_UNGUARDED_AVAILABILITY = YES_AGGRESSIVE;
				CLANG_WARN_UNREACHABLE_CODE = YES;
				CLANG_WARN__DUPLICATE_METHOD_MATCH = YES;
				COPY_PHASE_STRIP = NO;
				DEBUG_INFORMATION_FORMAT = "dwarf-with-dsym";
				ENABLE_NS_ASSERTIONS = NO;
				ENABLE_STRICT_OBJC_MSGSEND = YES;
				GCC_C_LANGUAGE_STANDARD = gnu11;
				GCC_NO_COMMON_BLOCKS = YES;
				GCC_WARN_64_TO_32_BIT_CONVERSION = YES;
				GCC_WARN_ABOUT_RETURN_TYPE = YES_ERROR;
				GCC_WARN_UNDECLARED_SELECTOR = YES;
				GCC_WARN_UNINITIALIZED_AUTOS = YES_AGGRESSIVE;
				GCC_WARN_UNUSED_FUNCTION = YES;
				GCC_WARN_UNUSED_VARIABLE = YES;
				IPHONEOS_DEPLOYMENT_TARGET = 14.0;
				MTL_ENABLE_DEBUG_INFO = NO;
				MTL_FAST_MATH = YES;
				SDKROOT = iphoneos;
				SWIFT_COMPILATION_MODE = wholemodule;
				SWIFT_OPTIMIZATION_LEVEL = "-O";
				VALIDATE_PRODUCT = YES;
			};
			name = Release;
		};
		9CD7DF012549533100319B78 /* Debug */ = {
			isa = XCBuildConfiguration;
			buildSettings = {
				ASSETCATALOG_COMPILER_APPICON_NAME = AppIcon;
				ASSETCATALOG_COMPILER_GLOBAL_ACCENT_COLOR_NAME = AccentColor;
				CODE_SIGN_ENTITLEMENTS = "Detect Resolution iOS/Detect Resolution iOS.entitlements";
				"CODE_SIGN_IDENTITY[sdk=macosx*]" = "Apple Development";
				CODE_SIGN_STYLE = Automatic;
				DEVELOPMENT_ASSET_PATHS = "\"Detect Resolution iOS/Preview Content\"";
				DEVELOPMENT_TEAM = 86FF3X5A9M;
				ENABLE_PREVIEWS = YES;
				INFOPLIST_FILE = "Detect Resolution iOS/Info.plist";
				IPHONEOS_DEPLOYMENT_TARGET = 14.0;
				LD_RUNPATH_SEARCH_PATHS = (
					"$(inherited)",
					"@executable_path/Frameworks",
				);
				PRODUCT_BUNDLE_IDENTIFIER = "com.frankseptillion.Detect-Resolution-iOS";
				PRODUCT_NAME = "$(TARGET_NAME)";
				SUPPORTS_MACCATALYST = YES;
				SWIFT_VERSION = 5.0;
				TARGETED_DEVICE_FAMILY = "1,2";
			};
			name = Debug;
		};
		9CD7DF022549533100319B78 /* Release */ = {
			isa = XCBuildConfiguration;
			buildSettings = {
				ASSETCATALOG_COMPILER_APPICON_NAME = AppIcon;
				ASSETCATALOG_COMPILER_GLOBAL_ACCENT_COLOR_NAME = AccentColor;
				CODE_SIGN_ENTITLEMENTS = "Detect Resolution iOS/Detect Resolution iOS.entitlements";
				"CODE_SIGN_IDENTITY[sdk=macosx*]" = "Apple Development";
				CODE_SIGN_STYLE = Automatic;
				DEVELOPMENT_ASSET_PATHS = "\"Detect Resolution iOS/Preview Content\"";
				DEVELOPMENT_TEAM = 86FF3X5A9M;
				ENABLE_PREVIEWS = YES;
				INFOPLIST_FILE = "Detect Resolution iOS/Info.plist";
				IPHONEOS_DEPLOYMENT_TARGET = 14.0;
				LD_RUNPATH_SEARCH_PATHS = (
					"$(inherited)",
					"@executable_path/Frameworks",
				);
				PRODUCT_BUNDLE_IDENTIFIER = "com.frankseptillion.Detect-Resolution-iOS";
				PRODUCT_NAME = "$(TARGET_NAME)";
				SUPPORTS_MACCATALYST = YES;
				SWIFT_VERSION = 5.0;
				TARGETED_DEVICE_FAMILY = "1,2";
			};
			name = Release;
		};
/* End XCBuildConfiguration section */

/* Begin XCConfigurationList section */
		9CD7DEEC2549532200319B78 /* Build configuration list for PBXProject "Detect Resolution iOS" */ = {
			isa = XCConfigurationList;
			buildConfigurations = (
				9CD7DEFE2549533100319B78 /* Debug */,
				9CD7DEFF2549533100319B78 /* Release */,
			);
			defaultConfigurationIsVisible = 0;
			defaultConfigurationName = Release;
		};
		9CD7DF002549533100319B78 /* Build configuration list for PBXNativeTarget "Detect Resolution iOS" */ = {
			isa = XCConfigurationList;
			buildConfigurations = (
				9CD7DF012549533100319B78 /* Debug */,
				9CD7DF022549533100319B78 /* Release */,
			);
			defaultConfigurationIsVisible = 0;
			defaultConfigurationName = Release;
		};
/* End XCConfigurationList section */
	};
	rootObject = 9CD7DEE92549532200319B78 /* Project object */;
}
